{
  "name": "miniprogram-ts-quickstart",
  "version": "1.0.0",
  "lockfileVersion": 1,
  "requires": true,
  "dependencies": {
    "decode-utf8": {
      "version": "1.0.1",
      "resolved": "https://registry.npmjs.org/decode-utf8/-/decode-utf8-1.0.1.tgz",
      "integrity": "sha512-iTpp497Pgdg5JdQ3HkHbG0vwSSYRDrtVXKpz/ieFhY+LjLOZ2HjVtdmNKyO4f25lr4Q6O0cYSzlo6h27LgsLDA=="
    },
    "encode-utf8": {
      "version": "1.0.3",
      "resolved": "https://registry.npmjs.org/encode-utf8/-/encode-utf8-1.0.3.tgz",
      "integrity": "sha512-ucAnuBEhUK4boH2HjVYG5Q2mQyPorvv0u/ocS+zhdw0S8AlHYY+GOFhP1Gio5z4icpP2ivFSvhtFjQi8+T9ppw=="
    },
    "lottie-miniprogram": {
      "version": "1.0.7",
      "resolved": "https://registry.npmjs.org/lottie-miniprogram/-/lottie-miniprogram-1.0.7.tgz",
      "integrity": "sha512-mAbrKYc4IUe/5TqI/biFVa0xHuj/TVRY+ijxOQATwTzM6qJelrM5m0WQyXzzLtSuQcUlhDXZWAEsZxDCsqTBAQ=="
    },
    "miniprogram-api-typings": {
      "version": "2.10.3",
      "resolved": "https://registry.npmjs.org/miniprogram-api-typings/-/miniprogram-api-typings-2.10.3.tgz",
      "integrity": "sha512-1YQlAnqTggbQrNGaAl5ydlt3p+IiNawO+uNumcJCi16iLh0UQDAKp1F3h5+Wsk34YZbMHNwVMjbW5vJXGz8kdQ==",
      "dev": true
    },
    "typescript": {
      "version": "3.3.3333",
      "resolved": "https://registry.npmjs.org/typescript/-/typescript-3.3.3333.tgz",
      "integrity": "sha512-JjSKsAfuHBE/fB2oZ8NxtRTk5iGcg6hkYXMnZ3Wc+b2RSqejEqTaem11mHASMnFilHrax3sLK0GDzcJrekZYLw==",
      "dev": true
    },
    "weui-miniprogram": {
      "version": "0.2.2",
      "resolved": "https://registry.npmjs.org/weui-miniprogram/-/weui-miniprogram-0.2.2.tgz",
      "integrity": "sha512-Gn1ahB3YyfnMO+KPRl4ixGQZnbefmS4NZPBiY50FjLO6aBqt3xUvnXaT1B2AhMWfsUq2dWLvedJqCTmi0hP/jg=="
    }
  }
}
