{
  "name": "miniprogram-ts-quickstart",
  "version": "1.0.0",
  "lockfileVersion": 1,
  "requires": true,
  "dependencies": {
    "@yanshouwang/lottie-wmc": {
      "version": "1.0.3",
      "resolved": "https://registry.npmjs.org/@yanshouwang/lottie-wmc/-/lottie-wmc-1.0.3.tgz",
      "integrity": "sha512-RvEBTnofR4vuQw4uh6aK9hcZMZUXpnd6uYWt9rmK5kY8Rjwdr41AP5ErgAaonIQkkpiJFTSrymhj7HuVQgQKUg==",
      "requires": {
        "lottie-miniprogram": "^1.0.7"
      }
    },
    "decode-utf8": {
      "version": "1.0.1",
      "resolved": "https://registry.npmjs.org/decode-utf8/-/decode-utf8-1.0.1.tgz",
      "integrity": "sha512-iTpp497Pgdg5JdQ3HkHbG0vwSSYRDrtVXKpz/ieFhY+LjLOZ2HjVtdmNKyO4f25lr4Q6O0cYSzlo6h27LgsLDA=="
    },
    "encode-utf8": {
      "version": "1.0.3",
      "resolved": "https://registry.npmjs.org/encode-utf8/-/encode-utf8-1.0.3.tgz",
      "integrity": "sha512-ucAnuBEhUK4boH2HjVYG5Q2mQyPorvv0u/ocS+zhdw0S8AlHYY+GOFhP1Gio5z4icpP2ivFSvhtFjQi8+T9ppw=="
    },
    "lottie-miniprogram": {
      "version": "1.0.7",
      "resolved": "https://registry.npmjs.org/lottie-miniprogram/-/lottie-miniprogram-1.0.7.tgz",
      "integrity": "sha512-mAbrKYc4IUe/5TqI/biFVa0xHuj/TVRY+ijxOQATwTzM6qJelrM5m0WQyXzzLtSuQcUlhDXZWAEsZxDCsqTBAQ=="
    },
    "miniprogram-api-typings": {
      "version": "2.10.4",
      "resolved": "https://registry.npmjs.org/miniprogram-api-typings/-/miniprogram-api-typings-2.10.4.tgz",
      "integrity": "sha512-IXWi6sJFd/EH1wNR8rtOx2+hJOwZk7jKFVIshQ0aAlRaKk0P4Jack4SItzUwNURgRykvrleGgErI/jH5hsiniw==",
      "dev": true
    },
    "typescript": {
      "version": "3.8.3",
      "resolved": "https://registry.npmjs.org/typescript/-/typescript-3.8.3.tgz",
      "integrity": "sha512-MYlEfn5VrLNsgudQTVJeNaQFUAI7DkhnOjdpAp4T+ku1TfQClewlbSuTVHiA+8skNBgaf02TL/kLOvig4y3G8w==",
      "dev": true
    },
    "weui-miniprogram": {
      "version": "0.2.2",
      "resolved": "https://registry.npmjs.org/weui-miniprogram/-/weui-miniprogram-0.2.2.tgz",
      "integrity": "sha512-Gn1ahB3YyfnMO+KPRl4ixGQZnbefmS4NZPBiY50FjLO6aBqt3xUvnXaT1B2AhMWfsUq2dWLvedJqCTmi0hP/jg=="
    }
  }
}
